
Microsoft Visual Studio Solution File, Format Version 12.00
# Visual Studio Version 17
VisualStudioVersion = 17.0.31903.59
MinimumVisualStudioVersion = 10.0.40219.1
Project("{F2A71F9B-5D33-465A-A702-920D77279786}") = "FsDnsProxy", "FsDnsProxy\FsDnsProxy.fsproj", "{F6CB97F6-B1D3-4DE5-AD2D-0489611D535E}"
EndProject
Project("{FAE04EC0-301F-11D3-BF4B-00C04F79EFBC}") = "YamlParser", "YamlParser\YamlParser.csproj", "{4EC8992E-BA90-4A9A-92DC-9DDB38AF1A2B}"
EndProject
Global
	GlobalSection(SolutionConfigurationPlatforms) = preSolution
		Debug|Any CPU = Debug|Any CPU
		Debug|x64 = Debug|x64
		Debug|x86 = Debug|x86
		Release|Any CPU = Release|Any CPU
		Release|x64 = Release|x64
		Release|x86 = Release|x86
	EndGlobalSection
	GlobalSection(ProjectConfigurationPlatforms) = postSolution
		{F6CB97F6-B1D3-4DE5-AD2D-0489611D535E}.Debug|Any CPU.ActiveCfg = Debug|Any CPU
		{F6CB97F6-B1D3-4DE5-AD2D-0489611D535E}.Debug|Any CPU.Build.0 = Debug|Any CPU
		{F6CB97F6-B1D3-4DE5-AD2D-0489611D535E}.Debug|x64.ActiveCfg = Debug|Any CPU
		{F6CB97F6-B1D3-4DE5-AD2D-0489611D535E}.Debug|x64.Build.0 = Debug|Any CPU
		{F6CB97F6-B1D3-4DE5-AD2D-0489611D535E}.Debug|x86.ActiveCfg = Debug|Any CPU
		{F6CB97F6-B1D3-4DE5-AD2D-0489611D535E}.Debug|x86.Build.0 = Debug|Any CPU
		{F6CB97F6-B1D3-4DE5-AD2D-0489611D535E}.Release|Any CPU.ActiveCfg = Release|Any CPU
		{F6CB97F6-B1D3-4DE5-AD2D-0489611D535E}.Release|Any CPU.Build.0 = Release|Any CPU
		{F6CB97F6-B1D3-4DE5-AD2D-0489611D535E}.Release|x64.ActiveCfg = Release|Any CPU
		{F6CB97F6-B1D3-4DE5-AD2D-0489611D535E}.Release|x64.Build.0 = Release|Any CPU
		{F6CB97F6-B1D3-4DE5-AD2D-0489611D535E}.Release|x86.ActiveCfg = Release|Any CPU
		{F6CB97F6-B1D3-4DE5-AD2D-0489611D535E}.Release|x86.Build.0 = Release|Any CPU
		{4EC8992E-BA90-4A9A-92DC-9DDB38AF1A2B}.Debug|Any CPU.ActiveCfg = Debug|Any CPU
		{4EC8992E-BA90-4A9A-92DC-9DDB38AF1A2B}.Debug|Any CPU.Build.0 = Debug|Any CPU
		{4EC8992E-BA90-4A9A-92DC-9DDB38AF1A2B}.Debug|x64.ActiveCfg = Debug|Any CPU
		{4EC8992E-BA90-4A9A-92DC-9DDB38AF1A2B}.Debug|x64.Build.0 = Debug|Any CPU
		{4EC8992E-BA90-4A9A-92DC-9DDB38AF1A2B}.Debug|x86.ActiveCfg = Debug|Any CPU
		{4EC8992E-BA90-4A9A-92DC-9DDB38AF1A2B}.Debug|x86.Build.0 = Debug|Any CPU
		{4EC8992E-BA90-4A9A-92DC-9DDB38AF1A2B}.Release|Any CPU.ActiveCfg = Release|Any CPU
		{4EC8992E-BA90-4A9A-92DC-9DDB38AF1A2B}.Release|Any CPU.Build.0 = Release|Any CPU
		{4EC8992E-BA90-4A9A-92DC-9DDB38AF1A2B}.Release|x64.ActiveCfg = Release|Any CPU
		{4EC8992E-BA90-4A9A-92DC-9DDB38AF1A2B}.Release|x64.Build.0 = Release|Any CPU
		{4EC8992E-BA90-4A9A-92DC-9DDB38AF1A2B}.Release|x86.ActiveCfg = Release|Any CPU
		{4EC8992E-BA90-4A9A-92DC-9DDB38AF1A2B}.Release|x86.Build.0 = Release|Any CPU
	EndGlobalSection
	GlobalSection(SolutionProperties) = preSolution
		HideSolutionNode = FALSE
	EndGlobalSection
EndGlobal
